
Microsoft Visual Studio Solution File, Format Version 12.00
# Visual Studio Version 16
VisualStudioVersion = 16.0.30907.101
MinimumVisualStudioVersion = 10.0.40219.1
Project("{9A19103F-16F7-4668-BE54-9A1E7A4F7556}") = "Classes", "CSharp\Classes.csproj", "{7DF25BFA-9EBE-43A4-8961-4B1D97176873}"
EndProject
Project("{9A19103F-16F7-4668-BE54-9A1E7A4F7556}") = "Interfaces", "Interfaces\Interfaces.csproj", "{5B848262-C75F-43F5-B88B-A52FCFF5451E}"
EndProject
Project("{FAE04EC0-301F-11D3-BF4B-00C04F79EFBC}") = "InterfacesDemo", "InterfacesDemo\InterfacesDemo.csproj", "{440AE5A0-2E51-430F-857D-500059F4152A}"
EndProject
Project("{FAE04EC0-301F-11D3-BF4B-00C04F79EFBC}") = "Inheritance", "Inheritance\Inheritance.csproj", "{B6F11C6B-FFC4-4DCA-B45E-41E95B48A017}"
EndProject
Global
	GlobalSection(SolutionConfigurationPlatforms) = preSolution
		Debug|Any CPU = Debug|Any CPU
		Release|Any CPU = Release|Any CPU
	EndGlobalSection
	GlobalSection(ProjectConfigurationPlatforms) = postSolution
		{7DF25BFA-9EBE-43A4-8961-4B1D97176873}.Debug|Any CPU.ActiveCfg = Debug|Any CPU
		{7DF25BFA-9EBE-43A4-8961-4B1D97176873}.Debug|Any CPU.Build.0 = Debug|Any CPU
		{7DF25BFA-9EBE-43A4-8961-4B1D97176873}.Release|Any CPU.ActiveCfg = Release|Any CPU
		{7DF25BFA-9EBE-43A4-8961-4B1D97176873}.Release|Any CPU.Build.0 = Release|Any CPU
		{5B848262-C75F-43F5-B88B-A52FCFF5451E}.Debug|Any CPU.ActiveCfg = Debug|Any CPU
		{5B848262-C75F-43F5-B88B-A52FCFF5451E}.Debug|Any CPU.Build.0 = Debug|Any CPU
		{5B848262-C75F-43F5-B88B-A52FCFF5451E}.Release|Any CPU.ActiveCfg = Release|Any CPU
		{5B848262-C75F-43F5-B88B-A52FCFF5451E}.Release|Any CPU.Build.0 = Release|Any CPU
		{440AE5A0-2E51-430F-857D-500059F4152A}.Debug|Any CPU.ActiveCfg = Debug|Any CPU
		{440AE5A0-2E51-430F-857D-500059F4152A}.Debug|Any CPU.Build.0 = Debug|Any CPU
		{440AE5A0-2E51-430F-857D-500059F4152A}.Release|Any CPU.ActiveCfg = Release|Any CPU
		{440AE5A0-2E51-430F-857D-500059F4152A}.Release|Any CPU.Build.0 = Release|Any CPU
		{B6F11C6B-FFC4-4DCA-B45E-41E95B48A017}.Debug|Any CPU.ActiveCfg = Debug|Any CPU
		{B6F11C6B-FFC4-4DCA-B45E-41E95B48A017}.Debug|Any CPU.Build.0 = Debug|Any CPU
		{B6F11C6B-FFC4-4DCA-B45E-41E95B48A017}.Release|Any CPU.ActiveCfg = Release|Any CPU
		{B6F11C6B-FFC4-4DCA-B45E-41E95B48A017}.Release|Any CPU.Build.0 = Release|Any CPU
	EndGlobalSection
	GlobalSection(SolutionProperties) = preSolution
		HideSolutionNode = FALSE
	EndGlobalSection
	GlobalSection(ExtensibilityGlobals) = postSolution
		SolutionGuid = {F52F2D74-603F-49AE-A323-1C80785B4BA7}
	EndGlobalSection
EndGlobal
